{
  "object": {
    "pins": [
      {
        "package": "Common",
        "repositoryURL": "https://github.com/w9i/Common",
        "state": {
          "branch": null,
          "revision": "43ac749ff2ddf46e3e7588746d23e1243a3f99f0",
          "version": "1.0.0"
        }
      },
      {
        "package": "Domain",
        "repositoryURL": "https://github.com/w9i/Domain",
        "state": {
          "branch": null,
          "revision": "48447e6933eb991dd6cc7fd9f016f342d7951d51",
          "version": "1.0.0"
        }
      }
    ]
  },
  "version": 1
}
